schema: '2.0'
stages:
  prepare:
    cmd: python src/prepare.py
    deps:
    - path: data/dataset_v1.csv
      hash: md5
      md5: 6f5a4f067b70a5438f3fcda917fb25e1
      size: 1809127
    - path: params.yml
      hash: md5
      md5: 27fe3d85d10f6e37bd53bc07aa648d01
      size: 865
    - path: src/prepare.py
      hash: md5
      md5: aed206fb81622c5825528d7240d41819
      size: 971
    outs:
    - path: data/prepared.csv
      hash: md5
      md5: fc4625fede89d5f1b83c13a0c6d1d6c8
      size: 1299659
  featurize:
    cmd: python src/featurized.py
    deps:
    - path: data/prepared.csv
      hash: md5
      md5: fc4625fede89d5f1b83c13a0c6d1d6c8
      size: 1299659
    - path: params.yml
      hash: md5
      md5: 27fe3d85d10f6e37bd53bc07aa648d01
      size: 865
    - path: src/featurized.py
      hash: md5
      md5: 68ca3b3ff0d8060ea198673cff38bf54
      size: 1465
    outs:
    - path: data/featurized.pkl
      hash: md5
      md5: 66cec1ebd3c9dc8295fdaaeecb1e0577
      size: 1096170
    - path: model/scaler.pkl
      hash: md5
      md5: 82279e9b7c78a811c50522d401e340ac
      size: 1079
  train:
    cmd: python src/train.py
    deps:
    - path: data/featurized.pkl
      hash: md5
      md5: 66cec1ebd3c9dc8295fdaaeecb1e0577
      size: 1096170
    - path: params.yml
      hash: md5
      md5: 27fe3d85d10f6e37bd53bc07aa648d01
      size: 865
    - path: src/train.py
      hash: md5
      md5: 45cc394cdf712b4bae0b714fba43c9d4
      size: 1566
    outs:
    - path: model/model.pkl
      hash: md5
      md5: 2ea90f5bac319ee3bd3684e6557445fe
      size: 220002
  evaluate:
    cmd: python src/evaluate.py
    deps:
    - path: model/model.pkl
      hash: md5
      md5: 2ea90f5bac319ee3bd3684e6557445fe
      size: 220002
    - path: params.yml
      hash: md5
      md5: 27fe3d85d10f6e37bd53bc07aa648d01
      size: 865
    - path: src/evaluate.py
      hash: md5
      md5: aaa7c7150f988008e27349a8eb9521b7
      size: 1486
    outs:
    - path: metrics.json
      hash: md5
      md5: 9b082a3a0a8b8f2cf9af1781ff4db24e
      size: 100
    - path: plots/pred_vs_actual.csv
      hash: md5
      md5: 01cc7d7fb870ba2fae4867ae38a49335
      size: 99748
